
Microsoft Visual Studio Solution File, Format Version 12.00
# Visual Studio 15
VisualStudioVersion = 15.0.28307.1169
MinimumVisualStudioVersion = 10.0.40219.1
Project("{FAE04EC0-301F-11D3-BF4B-00C04F79EFBC}") = "UnitTestingDemo", "UnitTestingDemo\UnitTestingDemo.csproj", "{CC675657-1C29-4633-B49F-FB11AA1C46CC}"
EndProject
Project("{FAE04EC0-301F-11D3-BF4B-00C04F79EFBC}") = "XUnitTestDemo", "XUnitTestDemo\XUnitTestDemo.csproj", "{C498D249-1D99-4107-BE73-0D1856934984}"
EndProject
Global
	GlobalSection(SolutionConfigurationPlatforms) = preSolution
		Debug|Any CPU = Debug|Any CPU
		Release|Any CPU = Release|Any CPU
	EndGlobalSection
	GlobalSection(ProjectConfigurationPlatforms) = postSolution
		{CC675657-1C29-4633-B49F-FB11AA1C46CC}.Debug|Any CPU.ActiveCfg = Debug|Any CPU
		{CC675657-1C29-4633-B49F-FB11AA1C46CC}.Debug|Any CPU.Build.0 = Debug|Any CPU
		{CC675657-1C29-4633-B49F-FB11AA1C46CC}.Release|Any CPU.ActiveCfg = Release|Any CPU
		{CC675657-1C29-4633-B49F-FB11AA1C46CC}.Release|Any CPU.Build.0 = Release|Any CPU
		{C498D249-1D99-4107-BE73-0D1856934984}.Debug|Any CPU.ActiveCfg = Debug|Any CPU
		{C498D249-1D99-4107-BE73-0D1856934984}.Debug|Any CPU.Build.0 = Debug|Any CPU
		{C498D249-1D99-4107-BE73-0D1856934984}.Release|Any CPU.ActiveCfg = Release|Any CPU
		{C498D249-1D99-4107-BE73-0D1856934984}.Release|Any CPU.Build.0 = Release|Any CPU
	EndGlobalSection
	GlobalSection(SolutionProperties) = preSolution
		HideSolutionNode = FALSE
	EndGlobalSection
	GlobalSection(ExtensibilityGlobals) = postSolution
		SolutionGuid = {AD5FAF98-54F3-4015-9BC3-4FF289FEAEE0}
	EndGlobalSection
EndGlobal
